
Microsoft Visual Studio Solution File, Format Version 12.00
# Visual Studio 14
VisualStudioVersion = 14.0.25420.1
MinimumVisualStudioVersion = 10.0.40219.1
Project("{FAE04EC0-301F-11D3-BF4B-00C04F79EFBC}") = "Data", "Data\Data.csproj", "{518DBF91-D280-46E8-A3E0-CDD0C53C1871}"
EndProject
Project("{FAE04EC0-301F-11D3-BF4B-00C04F79EFBC}") = "Business", "Business\Business.csproj", "{9226362F-708F-4021-88A1-0904562DE01B}"
EndProject
Global
	GlobalSection(SolutionConfigurationPlatforms) = preSolution
		Debug|Any CPU = Debug|Any CPU
		Release|Any CPU = Release|Any CPU
	EndGlobalSection
	GlobalSection(ProjectConfigurationPlatforms) = postSolution
		{518DBF91-D280-46E8-A3E0-CDD0C53C1871}.Debug|Any CPU.ActiveCfg = Debug|Any CPU
		{518DBF91-D280-46E8-A3E0-CDD0C53C1871}.Debug|Any CPU.Build.0 = Debug|Any CPU
		{518DBF91-D280-46E8-A3E0-CDD0C53C1871}.Release|Any CPU.ActiveCfg = Release|Any CPU
		{518DBF91-D280-46E8-A3E0-CDD0C53C1871}.Release|Any CPU.Build.0 = Release|Any CPU
		{9226362F-708F-4021-88A1-0904562DE01B}.Debug|Any CPU.ActiveCfg = Debug|Any CPU
		{9226362F-708F-4021-88A1-0904562DE01B}.Debug|Any CPU.Build.0 = Debug|Any CPU
		{9226362F-708F-4021-88A1-0904562DE01B}.Release|Any CPU.ActiveCfg = Release|Any CPU
		{9226362F-708F-4021-88A1-0904562DE01B}.Release|Any CPU.Build.0 = Release|Any CPU
	EndGlobalSection
	GlobalSection(SolutionProperties) = preSolution
		HideSolutionNode = FALSE
	EndGlobalSection
EndGlobal
